
Microsoft Visual Studio Solution File, Format Version 12.00
# Visual Studio Version 17
VisualStudioVersion = 17.9.34701.34
MinimumVisualStudioVersion = 10.0.40219.1
Project("{8BC9CEB8-8B4A-11D0-8D11-00A0C91BC942}") = "Harjoitus1_Lista_Laaksonen", "Harjoitus1_Lista_Laaksonen.vcxproj", "{C9C26B87-76BB-4EB5-A99E-5734E294B57A}"
EndProject
Global
	GlobalSection(SolutionConfigurationPlatforms) = preSolution
		Debug|x64 = Debug|x64
		Debug|x86 = Debug|x86
		Release|x64 = Release|x64
		Release|x86 = Release|x86
	EndGlobalSection
	GlobalSection(ProjectConfigurationPlatforms) = postSolution
		{C9C26B87-76BB-4EB5-A99E-5734E294B57A}.Debug|x64.ActiveCfg = Debug|x64
		{C9C26B87-76BB-4EB5-A99E-5734E294B57A}.Debug|x64.Build.0 = Debug|x64
		{C9C26B87-76BB-4EB5-A99E-5734E294B57A}.Debug|x86.ActiveCfg = Debug|Win32
		{C9C26B87-76BB-4EB5-A99E-5734E294B57A}.Debug|x86.Build.0 = Debug|Win32
		{C9C26B87-76BB-4EB5-A99E-5734E294B57A}.Release|x64.ActiveCfg = Release|x64
		{C9C26B87-76BB-4EB5-A99E-5734E294B57A}.Release|x64.Build.0 = Release|x64
		{C9C26B87-76BB-4EB5-A99E-5734E294B57A}.Release|x86.ActiveCfg = Release|Win32
		{C9C26B87-76BB-4EB5-A99E-5734E294B57A}.Release|x86.Build.0 = Release|Win32
	EndGlobalSection
	GlobalSection(SolutionProperties) = preSolution
		HideSolutionNode = FALSE
	EndGlobalSection
	GlobalSection(ExtensibilityGlobals) = postSolution
		SolutionGuid = {DE995650-39C6-48CC-B509-1ECE0065352B}
	EndGlobalSection
EndGlobal
